
Microsoft Visual Studio Solution File, Format Version 12.00
# Visual Studio Version 16
VisualStudioVersion = 16.0.31105.61
MinimumVisualStudioVersion = 10.0.40219.1
Project("{9A19103F-16F7-4668-BE54-9A1E7A4F7556}") = "Tools.RandomGenerator", "Tools\Tools.RandomGenerator.csproj", "{3C187E62-1C82-4EBF-8BB5-F4EB37E4D522}"
EndProject
Project("{9A19103F-16F7-4668-BE54-9A1E7A4F7556}") = "Tools.NumberHelper", "Tools.NumberHelper\Tools.NumberHelper.csproj", "{D28CDAF0-A226-44FA-92A5-586D9446A56E}"
EndProject
Project("{9A19103F-16F7-4668-BE54-9A1E7A4F7556}") = "Tools.CSV", "Tools.CSV\Tools.CSV.csproj", "{1CFF945C-B5DC-49E8-965C-7E25A9804437}"
EndProject
Global
	GlobalSection(SolutionConfigurationPlatforms) = preSolution
		Debug|Any CPU = Debug|Any CPU
		Release|Any CPU = Release|Any CPU
	EndGlobalSection
	GlobalSection(ProjectConfigurationPlatforms) = postSolution
		{3C187E62-1C82-4EBF-8BB5-F4EB37E4D522}.Debug|Any CPU.ActiveCfg = Debug|Any CPU
		{3C187E62-1C82-4EBF-8BB5-F4EB37E4D522}.Debug|Any CPU.Build.0 = Debug|Any CPU
		{3C187E62-1C82-4EBF-8BB5-F4EB37E4D522}.Release|Any CPU.ActiveCfg = Release|Any CPU
		{3C187E62-1C82-4EBF-8BB5-F4EB37E4D522}.Release|Any CPU.Build.0 = Release|Any CPU
		{D28CDAF0-A226-44FA-92A5-586D9446A56E}.Debug|Any CPU.ActiveCfg = Debug|Any CPU
		{D28CDAF0-A226-44FA-92A5-586D9446A56E}.Debug|Any CPU.Build.0 = Debug|Any CPU
		{D28CDAF0-A226-44FA-92A5-586D9446A56E}.Release|Any CPU.ActiveCfg = Release|Any CPU
		{D28CDAF0-A226-44FA-92A5-586D9446A56E}.Release|Any CPU.Build.0 = Release|Any CPU
		{1CFF945C-B5DC-49E8-965C-7E25A9804437}.Debug|Any CPU.ActiveCfg = Debug|Any CPU
		{1CFF945C-B5DC-49E8-965C-7E25A9804437}.Debug|Any CPU.Build.0 = Debug|Any CPU
		{1CFF945C-B5DC-49E8-965C-7E25A9804437}.Release|Any CPU.ActiveCfg = Release|Any CPU
		{1CFF945C-B5DC-49E8-965C-7E25A9804437}.Release|Any CPU.Build.0 = Release|Any CPU
	EndGlobalSection
	GlobalSection(SolutionProperties) = preSolution
		HideSolutionNode = FALSE
	EndGlobalSection
	GlobalSection(ExtensibilityGlobals) = postSolution
		SolutionGuid = {FA811107-80ED-4A03-93D0-DAC2E926E80A}
	EndGlobalSection
EndGlobal
